<Solution>
  <Folder Name="/src/">
    <Project Path="src/InfraLauncher.App/InfraLauncher.App.csproj" />
    <Project Path="src/InfraLauncher.Cli/InfraLauncher.Cli.csproj" />
    <Project Path="src/InfraLauncher.Core/InfraLauncher.Core.csproj" />
  </Folder>
  <Folder Name="/tests/">
    <Project Path="tests/InfraLauncher.Core.Tests/InfraLauncher.Core.Tests.csproj" />
  </Folder>
</Solution>
